
Microsoft Visual Studio Solution File, Format Version 12.00
# Visual Studio Version 16
VisualStudioVersion = 16.0.29806.167
MinimumVisualStudioVersion = 10.0.40219.1
Project("{FAE04EC0-301F-11D3-BF4B-00C04F79EFBC}") = "AIS.Redmine.Api", "AIS.Redmine.Api\AIS.Redmine.Api.csproj", "{DF582DEE-814A-4202-A73B-99A0F6E13C27}"
EndProject
Global
	GlobalSection(SolutionConfigurationPlatforms) = preSolution
		Debug|Any CPU = Debug|Any CPU
		Release|Any CPU = Release|Any CPU
	EndGlobalSection
	GlobalSection(ProjectConfigurationPlatforms) = postSolution
		{DF582DEE-814A-4202-A73B-99A0F6E13C27}.Debug|Any CPU.ActiveCfg = Debug|Any CPU
		{DF582DEE-814A-4202-A73B-99A0F6E13C27}.Debug|Any CPU.Build.0 = Debug|Any CPU
		{DF582DEE-814A-4202-A73B-99A0F6E13C27}.Release|Any CPU.ActiveCfg = Release|Any CPU
		{DF582DEE-814A-4202-A73B-99A0F6E13C27}.Release|Any CPU.Build.0 = Release|Any CPU
	EndGlobalSection
	GlobalSection(SolutionProperties) = preSolution
		HideSolutionNode = FALSE
	EndGlobalSection
	GlobalSection(ExtensibilityGlobals) = postSolution
		SolutionGuid = {EECAA901-0D7B-4A46-880C-D2C383F15346}
	EndGlobalSection
EndGlobal
